
Microsoft Visual Studio Solution File, Format Version 12.00
# Visual Studio Version 16
VisualStudioVersion = 16.0.29613.14
MinimumVisualStudioVersion = 10.0.40219.1
Project("{FAE04EC0-301F-11D3-BF4B-00C04F79EFBC}") = "CoolMath", "CoolMath.csproj", "{0E6346D1-011C-4087-B0B3-18E64682146D}"
EndProject
Global
	GlobalSection(SolutionConfigurationPlatforms) = preSolution
		Debug|Any CPU = Debug|Any CPU
		Release|Any CPU = Release|Any CPU
	EndGlobalSection
	GlobalSection(ProjectConfigurationPlatforms) = postSolution
		{0E6346D1-011C-4087-B0B3-18E64682146D}.Debug|Any CPU.ActiveCfg = Debug|Any CPU
		{0E6346D1-011C-4087-B0B3-18E64682146D}.Debug|Any CPU.Build.0 = Debug|Any CPU
		{0E6346D1-011C-4087-B0B3-18E64682146D}.Release|Any CPU.ActiveCfg = Release|Any CPU
		{0E6346D1-011C-4087-B0B3-18E64682146D}.Release|Any CPU.Build.0 = Release|Any CPU
	EndGlobalSection
	GlobalSection(SolutionProperties) = preSolution
		HideSolutionNode = FALSE
	EndGlobalSection
	GlobalSection(ExtensibilityGlobals) = postSolution
		SolutionGuid = {B8448B31-66BF-44AB-9BC2-B1FE703ECF00}
	EndGlobalSection
EndGlobal
